// !$*UTF8*$!
{
	archiveVersion = 1;
	classes = {
	};
	objectVersion = 50;
	objects = {

/* Begin PBXFileReference section */
		6DE12F6925288F7100A61109 /* inferrenceType.playground */ = {isa = PBXFileReference; lastKnownFileType = file.playground; path = inferrenceType.playground; sourceTree = "<group>"; xcLanguageSpecificationIdentifier = xcode.lang.swift; };
		6DE12F6A2528902C00A61109 /* optionalVsNonOptional.playground */ = {isa = PBXFileReference; lastKnownFileType = file.playground; path = optionalVsNonOptional.playground; sourceTree = "<group>"; xcLanguageSpecificationIdentifier = xcode.lang.swift; };
/* End PBXFileReference section */

/* Begin PBXGroup section */
		6DE12F6225288F3D00A61109 = {
			isa = PBXGroup;
			children = (
				6DE12F6A2528902C00A61109 /* optionalVsNonOptional.playground */,
				6DE12F6925288F7100A61109 /* inferrenceType.playground */,
			);
			sourceTree = "<group>";
		};
/* End PBXGroup section */

/* Begin PBXProject section */
		6DE12F6325288F3D00A61109 /* Project object */ = {
			isa = PBXProject;
			attributes = {
				LastUpgradeCheck = 1200;
			};
			buildConfigurationList = 6DE12F6625288F3D00A61109 /* Build configuration list for PBXProject "ios-learning" */;
			compatibilityVersion = "Xcode 9.3";
			developmentRegion = en;
			hasScannedForEncodings = 0;
			knownRegions = (
				en,
				Base,
			);
			mainGroup = 6DE12F6225288F3D00A61109;
			projectDirPath = "";
			projectRoot = "";
			targets = (
			);
		};
/* End PBXProject section */

/* Begin XCBuildConfiguration section */
		6DE12F6725288F3D00A61109 /* Debug */ = {
			isa = XCBuildConfiguration;
			buildSettings = {
			};
			name = Debug;
		};
		6DE12F6825288F3D00A61109 /* Release */ = {
			isa = XCBuildConfiguration;
			buildSettings = {
			};
			name = Release;
		};
/* End XCBuildConfiguration section */

/* Begin XCConfigurationList section */
		6DE12F6625288F3D00A61109 /* Build configuration list for PBXProject "ios-learning" */ = {
			isa = XCConfigurationList;
			buildConfigurations = (
				6DE12F6725288F3D00A61109 /* Debug */,
				6DE12F6825288F3D00A61109 /* Release */,
			);
			defaultConfigurationIsVisible = 0;
			defaultConfigurationName = Release;
		};
/* End XCConfigurationList section */
	};
	rootObject = 6DE12F6325288F3D00A61109 /* Project object */;
}
